
Microsoft Visual Studio Solution File, Format Version 12.00
# Visual Studio Version 17
VisualStudioVersion = 17.4.33213.308
MinimumVisualStudioVersion = 10.0.40219.1
Project("{888888A0-9F3D-457C-B088-3A5042F75D52}") = "Iseseisev töö Vigade otsing -1", "Iseseisev töö Vigade otsing -1.pyproj", "{67325A41-89C5-429F-8A86-D8F15D0015FF}"
EndProject
Global
	GlobalSection(SolutionConfigurationPlatforms) = preSolution
		Debug|Any CPU = Debug|Any CPU
		Release|Any CPU = Release|Any CPU
	EndGlobalSection
	GlobalSection(ProjectConfigurationPlatforms) = postSolution
		{67325A41-89C5-429F-8A86-D8F15D0015FF}.Debug|Any CPU.ActiveCfg = Debug|Any CPU
		{67325A41-89C5-429F-8A86-D8F15D0015FF}.Release|Any CPU.ActiveCfg = Release|Any CPU
	EndGlobalSection
	GlobalSection(SolutionProperties) = preSolution
		HideSolutionNode = FALSE
	EndGlobalSection
	GlobalSection(ExtensibilityGlobals) = postSolution
		SolutionGuid = {345973B4-B67C-4D12-9D12-832695AB7AFD}
	EndGlobalSection
EndGlobal
